// !$*UTF8*$!
{
	archiveVersion = 1;
	classes = {
	};
	objectVersion = 56;
	objects = {

/* Begin PBXBuildFile section */
		8840A16D2CA34B4300679C79 /* templateIOSApp.swift in Sources */ = {isa = PBXBuildFile; fileRef = 8840A16C2CA34B4300679C79 /* templateIOSApp.swift */; };
		8840A16F2CA34B4300679C79 /* ContentView.swift in Sources */ = {isa = PBXBuildFile; fileRef = 8840A16E2CA34B4300679C79 /* ContentView.swift */; };
		8840A1712CA34B4400679C79 /* Assets.xcassets in Resources */ = {isa = PBXBuildFile; fileRef = 8840A1702CA34B4400679C79 /* Assets.xcassets */; };
		8840A1742CA34B4400679C79 /* Preview Assets.xcassets in Resources */ = {isa = PBXBuildFile; fileRef = 8840A1732CA34B4400679C79 /* Preview Assets.xcassets */; };
		8840A17E2CA34B4400679C79 /* templateIOSTests.swift in Sources */ = {isa = PBXBuildFile; fileRef = 8840A17D2CA34B4400679C79 /* templateIOSTests.swift */; };
		8840A1882CA34B4400679C79 /* templateIOSUITests.swift in Sources */ = {isa = PBXBuildFile; fileRef = 8840A1872CA34B4400679C79 /* templateIOSUITests.swift */; };
		8840A18A2CA34B4400679C79 /* templateIOSUITestsLaunchTests.swift in Sources */ = {isa = PBXBuildFile; fileRef = 8840A1892CA34B4400679C79 /* templateIOSUITestsLaunchTests.swift */; };
/* End PBXBuildFile section */

/* Begin PBXContainerItemProxy section */
		8840A17A2CA34B4400679C79 /* PBXContainerItemProxy */ = {
			isa = PBXContainerItemProxy;
			containerPortal = 8840A1612CA34B4300679C79 /* Project object */;
			proxyType = 1;
			remoteGlobalIDString = 8840A1682CA34B4300679C79;
			remoteInfo = templateIOS;
		};
		8840A1842CA34B4400679C79 /* PBXContainerItemProxy */ = {
			isa = PBXContainerItemProxy;
			containerPortal = 8840A1612CA34B4300679C79 /* Project object */;
			proxyType = 1;
			remoteGlobalIDString = 8840A1682CA34B4300679C79;
			remoteInfo = templateIOS;
		};
/* End PBXContainerItemProxy section */

/* Begin PBXFileReference section */
		8840A1692CA34B4300679C79 /* templateIOS.app */ = {isa = PBXFileReference; explicitFileType = wrapper.application; includeInIndex = 0; path = templateIOS.app; sourceTree = BUILT_PRODUCTS_DIR; };
		8840A16C2CA34B4300679C79 /* templateIOSApp.swift */ = {isa = PBXFileReference; lastKnownFileType = sourcecode.swift; path = templateIOSApp.swift; sourceTree = "<group>"; };
		8840A16E2CA34B4300679C79 /* ContentView.swift */ = {isa = PBXFileReference; lastKnownFileType = sourcecode.swift; path = ContentView.swift; sourceTree = "<group>"; };
		8840A1702CA34B4400679C79 /* Assets.xcassets */ = {isa = PBXFileReference; lastKnownFileType = folder.assetcatalog; path = Assets.xcassets; sourceTree = "<group>"; };
		8840A1732CA34B4400679C79 /* Preview Assets.xcassets */ = {isa = PBXFileReference; lastKnownFileType = folder.assetcatalog; path = "Preview Assets.xcassets"; sourceTree = "<group>"; };
		8840A1792CA34B4400679C79 /* templateIOSTests.xctest */ = {isa = PBXFileReference; explicitFileType = wrapper.cfbundle; includeInIndex = 0; path = templateIOSTests.xctest; sourceTree = BUILT_PRODUCTS_DIR; };
		8840A17D2CA34B4400679C79 /* templateIOSTests.swift */ = {isa = PBXFileReference; lastKnownFileType = sourcecode.swift; path = templateIOSTests.swift; sourceTree = "<group>"; };
		8840A1832CA34B4400679C79 /* templateIOSUITests.xctest */ = {isa = PBXFileReference; explicitFileType = wrapper.cfbundle; includeInIndex = 0; path = templateIOSUITests.xctest; sourceTree = BUILT_PRODUCTS_DIR; };
		8840A1872CA34B4400679C79 /* templateIOSUITests.swift */ = {isa = PBXFileReference; lastKnownFileType = sourcecode.swift; path = templateIOSUITests.swift; sourceTree = "<group>"; };
		8840A1892CA34B4400679C79 /* templateIOSUITestsLaunchTests.swift */ = {isa = PBXFileReference; lastKnownFileType = sourcecode.swift; path = templateIOSUITestsLaunchTests.swift; sourceTree = "<group>"; };
		88CEF5AB2CF654D6004E117B /* Info.plist */ = {isa = PBXFileReference; lastKnownFileType = text.plist; path = Info.plist; sourceTree = "<group>"; };
/* End PBXFileReference section */

/* Begin PBXFrameworksBuildPhase section */
		8840A1662CA34B4300679C79 /* Frameworks */ = {
			isa = PBXFrameworksBuildPhase;
			buildActionMask = 2147483647;
			files = (
			);
			runOnlyForDeploymentPostprocessing = 0;
		};
		8840A1762CA34B4400679C79 /* Frameworks */ = {
			isa = PBXFrameworksBuildPhase;
			buildActionMask = 2147483647;
			files = (
			);
			runOnlyForDeploymentPostprocessing = 0;
		};
		8840A1802CA34B4400679C79 /* Frameworks */ = {
			isa = PBXFrameworksBuildPhase;
			buildActionMask = 2147483647;
			files = (
			);
			runOnlyForDeploymentPostprocessing = 0;
		};
/* End PBXFrameworksBuildPhase section */

/* Begin PBXGroup section */
		8840A1602CA34B4300679C79 = {
			isa = PBXGroup;
			children = (
				8840A16B2CA34B4300679C79 /* templateIOS */,
				8840A17C2CA34B4400679C79 /* templateIOSTests */,
				8840A1862CA34B4400679C79 /* templateIOSUITests */,
				8840A16A2CA34B4300679C79 /* Products */,
			);
			sourceTree = "<group>";
		};
		8840A16A2CA34B4300679C79 /* Products */ = {
			isa = PBXGroup;
			children = (
				8840A1692CA34B4300679C79 /* templateIOS.app */,
				8840A1792CA34B4400679C79 /* templateIOSTests.xctest */,
				8840A1832CA34B4400679C79 /* templateIOSUITests.xctest */,
			);
			name = Products;
			sourceTree = "<group>";
		};
		8840A16B2CA34B4300679C79 /* templateIOS */ = {
			isa = PBXGroup;
			children = (
				88CEF5AB2CF654D6004E117B /* Info.plist */,
				8840A16C2CA34B4300679C79 /* templateIOSApp.swift */,
				8840A16E2CA34B4300679C79 /* ContentView.swift */,
				8840A1702CA34B4400679C79 /* Assets.xcassets */,
				8840A1722CA34B4400679C79 /* Preview Content */,
			);
			path = templateIOS;
			sourceTree = "<group>";
		};
		8840A1722CA34B4400679C79 /* Preview Content */ = {
			isa = PBXGroup;
			children = (
				8840A1732CA34B4400679C79 /* Preview Assets.xcassets */,
			);
			path = "Preview Content";
			sourceTree = "<group>";
		};
		8840A17C2CA34B4400679C79 /* templateIOSTests */ = {
			isa = PBXGroup;
			children = (
				8840A17D2CA34B4400679C79 /* templateIOSTests.swift */,
			);
			path = templateIOSTests;
			sourceTree = "<group>";
		};
		8840A1862CA34B4400679C79 /* templateIOSUITests */ = {
			isa = PBXGroup;
			children = (
				8840A1872CA34B4400679C79 /* templateIOSUITests.swift */,
				8840A1892CA34B4400679C79 /* templateIOSUITestsLaunchTests.swift */,
			);
			path = templateIOSUITests;
			sourceTree = "<group>";
		};
/* End PBXGroup section */

/* Begin PBXNativeTarget section */
		8840A1682CA34B4300679C79 /* templateIOS */ = {
			isa = PBXNativeTarget;
			buildConfigurationList = 8840A18D2CA34B4400679C79 /* Build configuration list for PBXNativeTarget "templateIOS" */;
			buildPhases = (
				88DC2FC02CA34C9B009358F5 /* ShellScript */,
				8840A1652CA34B4300679C79 /* Sources */,
				8840A1662CA34B4300679C79 /* Frameworks */,
				8840A1672CA34B4300679C79 /* Resources */,
			);
			buildRules = (
			);
			dependencies = (
			);
			name = templateIOS;
			productName = templateIOS;
			productReference = 8840A1692CA34B4300679C79 /* templateIOS.app */;
			productType = "com.apple.product-type.application";
		};
		8840A1782CA34B4400679C79 /* templateIOSTests */ = {
			isa = PBXNativeTarget;
			buildConfigurationList = 8840A1902CA34B4400679C79 /* Build configuration list for PBXNativeTarget "templateIOSTests" */;
			buildPhases = (
				8840A1752CA34B4400679C79 /* Sources */,
				8840A1762CA34B4400679C79 /* Frameworks */,
				8840A1772CA34B4400679C79 /* Resources */,
			);
			buildRules = (
			);
			dependencies = (
				8840A17B2CA34B4400679C79 /* PBXTargetDependency */,
			);
			name = templateIOSTests;
			productName = templateIOSTests;
			productReference = 8840A1792CA34B4400679C79 /* templateIOSTests.xctest */;
			productType = "com.apple.product-type.bundle.unit-test";
		};
		8840A1822CA34B4400679C79 /* templateIOSUITests */ = {
			isa = PBXNativeTarget;
			buildConfigurationList = 8840A1932CA34B4400679C79 /* Build configuration list for PBXNativeTarget "templateIOSUITests" */;
			buildPhases = (
				8840A17F2CA34B4400679C79 /* Sources */,
				8840A1802CA34B4400679C79 /* Frameworks */,
				8840A1812CA34B4400679C79 /* Resources */,
			);
			buildRules = (
			);
			dependencies = (
				8840A1852CA34B4400679C79 /* PBXTargetDependency */,
			);
			name = templateIOSUITests;
			productName = templateIOSUITests;
			productReference = 8840A1832CA34B4400679C79 /* templateIOSUITests.xctest */;
			productType = "com.apple.product-type.bundle.ui-testing";
		};
/* End PBXNativeTarget section */

/* Begin PBXProject section */
		8840A1612CA34B4300679C79 /* Project object */ = {
			isa = PBXProject;
			attributes = {
				BuildIndependentTargetsInParallel = 1;
				LastSwiftUpdateCheck = 1530;
				LastUpgradeCheck = 1530;
				TargetAttributes = {
					8840A1682CA34B4300679C79 = {
						CreatedOnToolsVersion = 15.3;
					};
					8840A1782CA34B4400679C79 = {
						CreatedOnToolsVersion = 15.3;
						TestTargetID = 8840A1682CA34B4300679C79;
					};
					8840A1822CA34B4400679C79 = {
						CreatedOnToolsVersion = 15.3;
						TestTargetID = 8840A1682CA34B4300679C79;
					};
				};
			};
			buildConfigurationList = 8840A1642CA34B4300679C79 /* Build configuration list for PBXProject "templateIOS" */;
			compatibilityVersion = "Xcode 14.0";
			developmentRegion = en;
			hasScannedForEncodings = 0;
			knownRegions = (
				en,
				Base,
			);
			mainGroup = 8840A1602CA34B4300679C79;
			productRefGroup = 8840A16A2CA34B4300679C79 /* Products */;
			projectDirPath = "";
			projectRoot = "";
			targets = (
				8840A1682CA34B4300679C79 /* templateIOS */,
				8840A1782CA34B4400679C79 /* templateIOSTests */,
				8840A1822CA34B4400679C79 /* templateIOSUITests */,
			);
		};
/* End PBXProject section */

/* Begin PBXResourcesBuildPhase section */
		8840A1672CA34B4300679C79 /* Resources */ = {
			isa = PBXResourcesBuildPhase;
			buildActionMask = 2147483647;
			files = (
				8840A1742CA34B4400679C79 /* Preview Assets.xcassets in Resources */,
				8840A1712CA34B4400679C79 /* Assets.xcassets in Resources */,
			);
			runOnlyForDeploymentPostprocessing = 0;
		};
		8840A1772CA34B4400679C79 /* Resources */ = {
			isa = PBXResourcesBuildPhase;
			buildActionMask = 2147483647;
			files = (
			);
			runOnlyForDeploymentPostprocessing = 0;
		};
		8840A1812CA34B4400679C79 /* Resources */ = {
			isa = PBXResourcesBuildPhase;
			buildActionMask = 2147483647;
			files = (
			);
			runOnlyForDeploymentPostprocessing = 0;
		};
/* End PBXResourcesBuildPhase section */

/* Begin PBXShellScriptBuildPhase section */
		88DC2FC02CA34C9B009358F5 /* ShellScript */ = {
			isa = PBXShellScriptBuildPhase;
			buildActionMask = 2147483647;
			files = (
			);
			inputFileListPaths = (
			);
			inputPaths = (
			);
			outputFileListPaths = (
			);
			outputPaths = (
			);
			runOnlyForDeploymentPostprocessing = 0;
			shellPath = /bin/sh;
			shellScript = "cd \"$SRCROOT/..\"\n./gradlew :shared:embedAndSignAppleFrameworkForXcode\n";
		};
/* End PBXShellScriptBuildPhase section */

/* Begin PBXSourcesBuildPhase section */
		8840A1652CA34B4300679C79 /* Sources */ = {
			isa = PBXSourcesBuildPhase;
			buildActionMask = 2147483647;
			files = (
				8840A16F2CA34B4300679C79 /* ContentView.swift in Sources */,
				8840A16D2CA34B4300679C79 /* templateIOSApp.swift in Sources */,
			);
			runOnlyForDeploymentPostprocessing = 0;
		};
		8840A1752CA34B4400679C79 /* Sources */ = {
			isa = PBXSourcesBuildPhase;
			buildActionMask = 2147483647;
			files = (
				8840A17E2CA34B4400679C79 /* templateIOSTests.swift in Sources */,
			);
			runOnlyForDeploymentPostprocessing = 0;
		};
		8840A17F2CA34B4400679C79 /* Sources */ = {
			isa = PBXSourcesBuildPhase;
			buildActionMask = 2147483647;
			files = (
				8840A18A2CA34B4400679C79 /* templateIOSUITestsLaunchTests.swift in Sources */,
				8840A1882CA34B4400679C79 /* templateIOSUITests.swift in Sources */,
			);
			runOnlyForDeploymentPostprocessing = 0;
		};
/* End PBXSourcesBuildPhase section */

/* Begin PBXTargetDependency section */
		8840A17B2CA34B4400679C79 /* PBXTargetDependency */ = {
			isa = PBXTargetDependency;
			target = 8840A1682CA34B4300679C79 /* templateIOS */;
			targetProxy = 8840A17A2CA34B4400679C79 /* PBXContainerItemProxy */;
		};
		8840A1852CA34B4400679C79 /* PBXTargetDependency */ = {
			isa = PBXTargetDependency;
			target = 8840A1682CA34B4300679C79 /* templateIOS */;
			targetProxy = 8840A1842CA34B4400679C79 /* PBXContainerItemProxy */;
		};
/* End PBXTargetDependency section */

/* Begin XCBuildConfiguration section */
		8840A18B2CA34B4400679C79 /* Debug */ = {
			isa = XCBuildConfiguration;
			buildSettings = {
				ALWAYS_SEARCH_USER_PATHS = NO;
				ASSETCATALOG_COMPILER_GENERATE_SWIFT_ASSET_SYMBOL_EXTENSIONS = YES;
				CLANG_ANALYZER_NONNULL = YES;
				CLANG_ANALYZER_NUMBER_OBJECT_CONVERSION = YES_AGGRESSIVE;
				CLANG_CXX_LANGUAGE_STANDARD = "gnu++20";
				CLANG_ENABLE_MODULES = YES;
				CLANG_ENABLE_OBJC_ARC = YES;
				CLANG_ENABLE_OBJC_WEAK = YES;
				CLANG_WARN_BLOCK_CAPTURE_AUTORELEASING = YES;
				CLANG_WARN_BOOL_CONVERSION = YES;
				CLANG_WARN_COMMA = YES;
				CLANG_WARN_CONSTANT_CONVERSION = YES;
				CLANG_WARN_DEPRECATED_OBJC_IMPLEMENTATIONS = YES;
				CLANG_WARN_DIRECT_OBJC_ISA_USAGE = YES_ERROR;
				CLANG_WARN_DOCUMENTATION_COMMENTS = YES;
				CLANG_WARN_EMPTY_BODY = YES;
				CLANG_WARN_ENUM_CONVERSION = YES;
				CLANG_WARN_INFINITE_RECURSION = YES;
				CLANG_WARN_INT_CONVERSION = YES;
				CLANG_WARN_NON_LITERAL_NULL_CONVERSION = YES;
				CLANG_WARN_OBJC_IMPLICIT_RETAIN_SELF = YES;
				CLANG_WARN_OBJC_LITERAL_CONVERSION = YES;
				CLANG_WARN_OBJC_ROOT_CLASS = YES_ERROR;
				CLANG_WARN_QUOTED_INCLUDE_IN_FRAMEWORK_HEADER = YES;
				CLANG_WARN_RANGE_LOOP_ANALYSIS = YES;
				CLANG_WARN_STRICT_PROTOTYPES = YES;
				CLANG_WARN_SUSPICIOUS_MOVE = YES;
				CLANG_WARN_UNGUARDED_AVAILABILITY = YES_AGGRESSIVE;
				CLANG_WARN_UNREACHABLE_CODE = YES;
				CLANG_WARN__DUPLICATE_METHOD_MATCH = YES;
				COPY_PHASE_STRIP = NO;
				DEBUG_INFORMATION_FORMAT = dwarf;
				ENABLE_STRICT_OBJC_MSGSEND = YES;
				ENABLE_TESTABILITY = YES;
				ENABLE_USER_SCRIPT_SANDBOXING = YES;
				GCC_C_LANGUAGE_STANDARD = gnu17;
				GCC_DYNAMIC_NO_PIC = NO;
				GCC_NO_COMMON_BLOCKS = YES;
				GCC_OPTIMIZATION_LEVEL = 0;
				GCC_PREPROCESSOR_DEFINITIONS = (
					"DEBUG=1",
					"$(inherited)",
				);
				GCC_WARN_64_TO_32_BIT_CONVERSION = YES;
				GCC_WARN_ABOUT_RETURN_TYPE = YES_ERROR;
				GCC_WARN_UNDECLARED_SELECTOR = YES;
				GCC_WARN_UNINITIALIZED_AUTOS = YES_AGGRESSIVE;
				GCC_WARN_UNUSED_FUNCTION = YES;
				GCC_WARN_UNUSED_VARIABLE = YES;
				IPHONEOS_DEPLOYMENT_TARGET = 17.4;
				LOCALIZATION_PREFERS_STRING_CATALOGS = YES;
				MTL_ENABLE_DEBUG_INFO = INCLUDE_SOURCE;
				MTL_FAST_MATH = YES;
				ONLY_ACTIVE_ARCH = YES;
				SDKROOT = iphoneos;
				SWIFT_ACTIVE_COMPILATION_CONDITIONS = "DEBUG $(inherited)";
				SWIFT_OPTIMIZATION_LEVEL = "-Onone";
			};
			name = Debug;
		};
		8840A18C2CA34B4400679C79 /* Release */ = {
			isa = XCBuildConfiguration;
			buildSettings = {
				ALWAYS_SEARCH_USER_PATHS = NO;
				ASSETCATALOG_COMPILER_GENERATE_SWIFT_ASSET_SYMBOL_EXTENSIONS = YES;
				CLANG_ANALYZER_NONNULL = YES;
				CLANG_ANALYZER_NUMBER_OBJECT_CONVERSION = YES_AGGRESSIVE;
				CLANG_CXX_LANGUAGE_STANDARD = "gnu++20";
				CLANG_ENABLE_MODULES = YES;
				CLANG_ENABLE_OBJC_ARC = YES;
				CLANG_ENABLE_OBJC_WEAK = YES;
				CLANG_WARN_BLOCK_CAPTURE_AUTORELEASING = YES;
				CLANG_WARN_BOOL_CONVERSION = YES;
				CLANG_WARN_COMMA = YES;
				CLANG_WARN_CONSTANT_CONVERSION = YES;
				CLANG_WARN_DEPRECATED_OBJC_IMPLEMENTATIONS = YES;
				CLANG_WARN_DIRECT_OBJC_ISA_USAGE = YES_ERROR;
				CLANG_WARN_DOCUMENTATION_COMMENTS = YES;
				CLANG_WARN_EMPTY_BODY = YES;
				CLANG_WARN_ENUM_CONVERSION = YES;
				CLANG_WARN_INFINITE_RECURSION = YES;
				CLANG_WARN_INT_CONVERSION = YES;
				CLANG_WARN_NON_LITERAL_NULL_CONVERSION = YES;
				CLANG_WARN_OBJC_IMPLICIT_RETAIN_SELF = YES;
				CLANG_WARN_OBJC_LITERAL_CONVERSION = YES;
				CLANG_WARN_OBJC_ROOT_CLASS = YES_ERROR;
				CLANG_WARN_QUOTED_INCLUDE_IN_FRAMEWORK_HEADER = YES;
				CLANG_WARN_RANGE_LOOP_ANALYSIS = YES;
				CLANG_WARN_STRICT_PROTOTYPES = YES;
				CLANG_WARN_SUSPICIOUS_MOVE = YES;
				CLANG_WARN_UNGUARDED_AVAILABILITY = YES_AGGRESSIVE;
				CLANG_WARN_UNREACHABLE_CODE = YES;
				CLANG_WARN__DUPLICATE_METHOD_MATCH = YES;
				COPY_PHASE_STRIP = NO;
				DEBUG_INFORMATION_FORMAT = "dwarf-with-dsym";
				ENABLE_NS_ASSERTIONS = NO;
				ENABLE_STRICT_OBJC_MSGSEND = YES;
				ENABLE_USER_SCRIPT_SANDBOXING = YES;
				GCC_C_LANGUAGE_STANDARD = gnu17;
				GCC_NO_COMMON_BLOCKS = YES;
				GCC_WARN_64_TO_32_BIT_CONVERSION = YES;
				GCC_WARN_ABOUT_RETURN_TYPE = YES_ERROR;
				GCC_WARN_UNDECLARED_SELECTOR = YES;
				GCC_WARN_UNINITIALIZED_AUTOS = YES_AGGRESSIVE;
				GCC_WARN_UNUSED_FUNCTION = YES;
				GCC_WARN_UNUSED_VARIABLE = YES;
				IPHONEOS_DEPLOYMENT_TARGET = 17.4;
				LOCALIZATION_PREFERS_STRING_CATALOGS = YES;
				MTL_ENABLE_DEBUG_INFO = NO;
				MTL_FAST_MATH = YES;
				SDKROOT = iphoneos;
				SWIFT_COMPILATION_MODE = wholemodule;
				VALIDATE_PRODUCT = YES;
			};
			name = Release;
		};
		8840A18E2CA34B4400679C79 /* Debug */ = {
			isa = XCBuildConfiguration;
			buildSettings = {
				ASSETCATALOG_COMPILER_APPICON_NAME = AppIcon;
				ASSETCATALOG_COMPILER_GLOBAL_ACCENT_COLOR_NAME = AccentColor;
				CODE_SIGN_STYLE = Automatic;
				CURRENT_PROJECT_VERSION = 1;
				DEVELOPMENT_ASSET_PATHS = "\"templateIOS/Preview Content\"";
				ENABLE_PREVIEWS = YES;
				ENABLE_USER_SCRIPT_SANDBOXING = NO;
				GENERATE_INFOPLIST_FILE = YES;
				INFOPLIST_FILE = templateIOS/Info.plist;
				INFOPLIST_KEY_UIApplicationSceneManifest_Generation = YES;
				INFOPLIST_KEY_UIApplicationSupportsIndirectInputEvents = YES;
				INFOPLIST_KEY_UILaunchScreen_Generation = YES;
				INFOPLIST_KEY_UISupportedInterfaceOrientations_iPad = "UIInterfaceOrientationPortrait UIInterfaceOrientationPortraitUpsideDown UIInterfaceOrientationLandscapeLeft UIInterfaceOrientationLandscapeRight";
				INFOPLIST_KEY_UISupportedInterfaceOrientations_iPhone = "UIInterfaceOrientationPortrait UIInterfaceOrientationLandscapeLeft UIInterfaceOrientationLandscapeRight";
				LD_RUNPATH_SEARCH_PATHS = (
					"$(inherited)",
					"@executable_path/Frameworks",
				);
				MARKETING_VERSION = 1.0;
				OTHER_LDFLAGS = "-lsqlite3";
				PRODUCT_BUNDLE_IDENTIFIER = com.adammcneilly.templateIOS;
				PRODUCT_NAME = "$(TARGET_NAME)";
				SWIFT_EMIT_LOC_STRINGS = YES;
				SWIFT_VERSION = 5.0;
				TARGETED_DEVICE_FAMILY = "1,2";
			};
			name = Debug;
		};
		8840A18F2CA34B4400679C79 /* Release */ = {
			isa = XCBuildConfiguration;
			buildSettings = {
				ASSETCATALOG_COMPILER_APPICON_NAME = AppIcon;
				ASSETCATALOG_COMPILER_GLOBAL_ACCENT_COLOR_NAME = AccentColor;
				CODE_SIGN_STYLE = Automatic;
				CURRENT_PROJECT_VERSION = 1;
				DEVELOPMENT_ASSET_PATHS = "\"templateIOS/Preview Content\"";
				ENABLE_PREVIEWS = YES;
				ENABLE_USER_SCRIPT_SANDBOXING = NO;
				GENERATE_INFOPLIST_FILE = YES;
				INFOPLIST_FILE = templateIOS/Info.plist;
				INFOPLIST_KEY_UIApplicationSceneManifest_Generation = YES;
				INFOPLIST_KEY_UIApplicationSupportsIndirectInputEvents = YES;
				INFOPLIST_KEY_UILaunchScreen_Generation = YES;
				INFOPLIST_KEY_UISupportedInterfaceOrientations_iPad = "UIInterfaceOrientationPortrait UIInterfaceOrientationPortraitUpsideDown UIInterfaceOrientationLandscapeLeft UIInterfaceOrientationLandscapeRight";
				INFOPLIST_KEY_UISupportedInterfaceOrientations_iPhone = "UIInterfaceOrientationPortrait UIInterfaceOrientationLandscapeLeft UIInterfaceOrientationLandscapeRight";
				LD_RUNPATH_SEARCH_PATHS = (
					"$(inherited)",
					"@executable_path/Frameworks",
				);
				MARKETING_VERSION = 1.0;
				OTHER_LDFLAGS = "-lsqlite3";
				PRODUCT_BUNDLE_IDENTIFIER = com.adammcneilly.templateIOS;
				PRODUCT_NAME = "$(TARGET_NAME)";
				SWIFT_EMIT_LOC_STRINGS = YES;
				SWIFT_VERSION = 5.0;
				TARGETED_DEVICE_FAMILY = "1,2";
			};
			name = Release;
		};
		8840A1912CA34B4400679C79 /* Debug */ = {
			isa = XCBuildConfiguration;
			buildSettings = {
				ALWAYS_EMBED_SWIFT_STANDARD_LIBRARIES = YES;
				BUNDLE_LOADER = "$(TEST_HOST)";
				CODE_SIGN_STYLE = Automatic;
				CURRENT_PROJECT_VERSION = 1;
				GENERATE_INFOPLIST_FILE = YES;
				IPHONEOS_DEPLOYMENT_TARGET = 17.4;
				MARKETING_VERSION = 1.0;
				PRODUCT_BUNDLE_IDENTIFIER = com.adammcneilly.templateIOSTests;
				PRODUCT_NAME = "$(TARGET_NAME)";
				SWIFT_EMIT_LOC_STRINGS = NO;
				SWIFT_VERSION = 5.0;
				TARGETED_DEVICE_FAMILY = "1,2";
				TEST_HOST = "$(BUILT_PRODUCTS_DIR)/templateIOS.app/$(BUNDLE_EXECUTABLE_FOLDER_PATH)/templateIOS";
			};
			name = Debug;
		};
		8840A1922CA34B4400679C79 /* Release */ = {
			isa = XCBuildConfiguration;
			buildSettings = {
				ALWAYS_EMBED_SWIFT_STANDARD_LIBRARIES = YES;
				BUNDLE_LOADER = "$(TEST_HOST)";
				CODE_SIGN_STYLE = Automatic;
				CURRENT_PROJECT_VERSION = 1;
				GENERATE_INFOPLIST_FILE = YES;
				IPHONEOS_DEPLOYMENT_TARGET = 17.4;
				MARKETING_VERSION = 1.0;
				PRODUCT_BUNDLE_IDENTIFIER = com.adammcneilly.templateIOSTests;
				PRODUCT_NAME = "$(TARGET_NAME)";
				SWIFT_EMIT_LOC_STRINGS = NO;
				SWIFT_VERSION = 5.0;
				TARGETED_DEVICE_FAMILY = "1,2";
				TEST_HOST = "$(BUILT_PRODUCTS_DIR)/templateIOS.app/$(BUNDLE_EXECUTABLE_FOLDER_PATH)/templateIOS";
			};
			name = Release;
		};
		8840A1942CA34B4400679C79 /* Debug */ = {
			isa = XCBuildConfiguration;
			buildSettings = {
				ALWAYS_EMBED_SWIFT_STANDARD_LIBRARIES = YES;
				CODE_SIGN_STYLE = Automatic;
				CURRENT_PROJECT_VERSION = 1;
				GENERATE_INFOPLIST_FILE = YES;
				MARKETING_VERSION = 1.0;
				PRODUCT_BUNDLE_IDENTIFIER = com.adammcneilly.templateIOSUITests;
				PRODUCT_NAME = "$(TARGET_NAME)";
				SWIFT_EMIT_LOC_STRINGS = NO;
				SWIFT_VERSION = 5.0;
				TARGETED_DEVICE_FAMILY = "1,2";
				TEST_TARGET_NAME = templateIOS;
			};
			name = Debug;
		};
		8840A1952CA34B4400679C79 /* Release */ = {
			isa = XCBuildConfiguration;
			buildSettings = {
				ALWAYS_EMBED_SWIFT_STANDARD_LIBRARIES = YES;
				CODE_SIGN_STYLE = Automatic;
				CURRENT_PROJECT_VERSION = 1;
				GENERATE_INFOPLIST_FILE = YES;
				MARKETING_VERSION = 1.0;
				PRODUCT_BUNDLE_IDENTIFIER = com.adammcneilly.templateIOSUITests;
				PRODUCT_NAME = "$(TARGET_NAME)";
				SWIFT_EMIT_LOC_STRINGS = NO;
				SWIFT_VERSION = 5.0;
				TARGETED_DEVICE_FAMILY = "1,2";
				TEST_TARGET_NAME = templateIOS;
			};
			name = Release;
		};
/* End XCBuildConfiguration section */

/* Begin XCConfigurationList section */
		8840A1642CA34B4300679C79 /* Build configuration list for PBXProject "templateIOS" */ = {
			isa = XCConfigurationList;
			buildConfigurations = (
				8840A18B2CA34B4400679C79 /* Debug */,
				8840A18C2CA34B4400679C79 /* Release */,
			);
			defaultConfigurationIsVisible = 0;
			defaultConfigurationName = Release;
		};
		8840A18D2CA34B4400679C79 /* Build configuration list for PBXNativeTarget "templateIOS" */ = {
			isa = XCConfigurationList;
			buildConfigurations = (
				8840A18E2CA34B4400679C79 /* Debug */,
				8840A18F2CA34B4400679C79 /* Release */,
			);
			defaultConfigurationIsVisible = 0;
			defaultConfigurationName = Release;
		};
		8840A1902CA34B4400679C79 /* Build configuration list for PBXNativeTarget "templateIOSTests" */ = {
			isa = XCConfigurationList;
			buildConfigurations = (
				8840A1912CA34B4400679C79 /* Debug */,
				8840A1922CA34B4400679C79 /* Release */,
			);
			defaultConfigurationIsVisible = 0;
			defaultConfigurationName = Release;
		};
		8840A1932CA34B4400679C79 /* Build configuration list for PBXNativeTarget "templateIOSUITests" */ = {
			isa = XCConfigurationList;
			buildConfigurations = (
				8840A1942CA34B4400679C79 /* Debug */,
				8840A1952CA34B4400679C79 /* Release */,
			);
			defaultConfigurationIsVisible = 0;
			defaultConfigurationName = Release;
		};
/* End XCConfigurationList section */
	};
	rootObject = 8840A1612CA34B4300679C79 /* Project object */;
}
